
Microsoft Visual Studio Solution File, Format Version 12.00
# Visual Studio Version 16
VisualStudioVersion = 16.0.32106.194
MinimumVisualStudioVersion = 10.0.40219.1
Project("{FAE04EC0-301F-11D3-BF4B-00C04F79EFBC}") = "ViewStructure", "ViewStructure.csproj", "{AAC53542-1D42-4342-A988-50E39D76CABA}"
EndProject
Global
	GlobalSection(SolutionConfigurationPlatforms) = preSolution
		Debug|Any CPU = Debug|Any CPU
		Release|Any CPU = Release|Any CPU
	EndGlobalSection
	GlobalSection(ProjectConfigurationPlatforms) = postSolution
		{AAC53542-1D42-4342-A988-50E39D76CABA}.Debug|Any CPU.ActiveCfg = Debug|Any CPU
		{AAC53542-1D42-4342-A988-50E39D76CABA}.Debug|Any CPU.Build.0 = Debug|Any CPU
		{AAC53542-1D42-4342-A988-50E39D76CABA}.Release|Any CPU.ActiveCfg = Release|Any CPU
		{AAC53542-1D42-4342-A988-50E39D76CABA}.Release|Any CPU.Build.0 = Release|Any CPU
	EndGlobalSection
	GlobalSection(SolutionProperties) = preSolution
		HideSolutionNode = FALSE
	EndGlobalSection
	GlobalSection(ExtensibilityGlobals) = postSolution
		SolutionGuid = {890DF20D-A3A9-43CE-967D-609BB7E1B45E}
	EndGlobalSection
EndGlobal
